
Microsoft Visual Studio Solution File, Format Version 12.00
# Visual Studio 15
Project("{FAE04EC0-301F-11D3-BF4B-00C04F79EFBC}") = "Assembly-CSharp", "Assembly-CSharp.csproj", "{ACE245C3-1205-A0D6-3058-8B54B0B5BB80}"
EndProject
Project("{FAE04EC0-301F-11D3-BF4B-00C04F79EFBC}") = "Assembly-CSharp-Editor", "Assembly-CSharp-Editor.csproj", "{9CE50D52-7DC4-99E3-B02C-DC26237EAB74}"
EndProject
Global
	GlobalSection(SolutionConfigurationPlatforms) = preSolution
		Debug|Any CPU = Debug|Any CPU
		Release|Any CPU = Release|Any CPU
	EndGlobalSection
	GlobalSection(ProjectConfigurationPlatforms) = postSolution
		{ACE245C3-1205-A0D6-3058-8B54B0B5BB80}.Debug|Any CPU.ActiveCfg = Debug|Any CPU
		{ACE245C3-1205-A0D6-3058-8B54B0B5BB80}.Debug|Any CPU.Build.0 = Debug|Any CPU
		{ACE245C3-1205-A0D6-3058-8B54B0B5BB80}.Release|Any CPU.ActiveCfg = Release|Any CPU
		{ACE245C3-1205-A0D6-3058-8B54B0B5BB80}.Release|Any CPU.Build.0 = Release|Any CPU
		{9CE50D52-7DC4-99E3-B02C-DC26237EAB74}.Debug|Any CPU.ActiveCfg = Debug|Any CPU
		{9CE50D52-7DC4-99E3-B02C-DC26237EAB74}.Debug|Any CPU.Build.0 = Debug|Any CPU
		{9CE50D52-7DC4-99E3-B02C-DC26237EAB74}.Release|Any CPU.ActiveCfg = Release|Any CPU
		{9CE50D52-7DC4-99E3-B02C-DC26237EAB74}.Release|Any CPU.Build.0 = Release|Any CPU
	EndGlobalSection
	GlobalSection(SolutionProperties) = preSolution
		HideSolutionNode = FALSE
	EndGlobalSection
	GlobalSection(MonoDevelopProperties) = preSolution
		StartupItem = Assembly-CSharp.csproj
	EndGlobalSection
EndGlobal
